<?xml version="1.0" encoding="utf-8"?>
<Project ToolsVersion="4.0" xmlns="http://schemas.microsoft.com/developer/msbuild/2003">
  <ItemGroup>
    <ClCompile Include="..\..\dependencies\xcore\src\xcore.cpp">
      <Filter>Dependencies\xCore</Filter>
    </ClCompile>
    <ClCompile Include="..\..\dependencies\xcore\src\xcore_profiler_1.cpp">
      <Filter>Dependencies\xCore</Filter>
    </ClCompile>
    <ClCompile Include="..\..\dependencies\xcore\src\xcore_profiler_2.cpp">
      <Filter>Dependencies\xCore</Filter>
    </ClCompile>
    <ClCompile Include="..\..\src\mecs.cpp">
      <Filter>MECS</Filter>
    </ClCompile>
    <ClCompile Include="..\..\src\Examples\CommandLineExamples\main.cpp" />
  </ItemGroup>
  <ItemGroup>
    <Filter Include="Dependencies">
      <UniqueIdentifier>{79d25e11-2611-4164-90c5-2b0299390c8c}</UniqueIdentifier>
    </Filter>
    <Filter Include="Dependencies\xCore">
      <UniqueIdentifier>{dc11a121-b6de-452f-8e82-db021b1d69fb}</UniqueIdentifier>
    </Filter>
    <Filter Include="MECS">
      <UniqueIdentifier>{1b20f707-50e2-40a8-8ce7-638aa2c81649}</UniqueIdentifier>
    </Filter>
    <Filter Include="MECS\Implementation">
      <UniqueIdentifier>{bb36b550-d4d9-4bec-af44-0c44fcdaaf81}</UniqueIdentifier>
    </Filter>
    <Filter Include="Settings">
      <UniqueIdentifier>{1e38444d-97d3-4fd7-a6e3-958f06f167a0}</UniqueIdentifier>
    </Filter>
  </ItemGroup>
  <ItemGroup>
    <ClInclude Include="..\..\dependencies\xcore\src\xcore.h">
      <Filter>Dependencies\xCore</Filter>
    </ClInclude>
    <ClInclude Include="..\..\dependencies\xcore\src\xcore_arglist.h">
      <Filter>Dependencies\xCore</Filter>
    </ClInclude>
    <ClInclude Include="..\..\dependencies\xcore\src\xcore_array.h">
      <Filter>Dependencies\xCore</Filter>
    </ClInclude>
    <ClInclude Include="..\..\dependencies\xcore\src\xcore_assert.h">
      <Filter>Dependencies\xCore</Filter>
    </ClInclude>
    <ClInclude Include="..\..\dependencies\xcore\src\xcore_bits.h">
      <Filter>Dependencies\xCore</Filter>
    </ClInclude>
    <ClInclude Include="..\..\dependencies\xcore\src\xcore_cmdline.h">
      <Filter>Dependencies\xCore</Filter>
    </ClInclude>
    <ClInclude Include="..\..\dependencies\xcore\src\xcore_compression.h">
      <Filter>Dependencies\xCore</Filter>
    </ClInclude>
    <ClInclude Include="..\..\dependencies\xcore\src\xcore_context.h">
      <Filter>Dependencies\xCore</Filter>
    </ClInclude>
    <ClInclude Include="..\..\dependencies\xcore\src\xcore_crc.h">
      <Filter>Dependencies\xCore</Filter>
    </ClInclude>
    <ClInclude Include="..\..\dependencies\xcore\src\xcore_endian.h">
      <Filter>Dependencies\xCore</Filter>
    </ClInclude>
    <ClInclude Include="..\..\dependencies\xcore\src\xcore_error.h">
      <Filter>Dependencies\xCore</Filter>
    </ClInclude>
    <ClInclude Include="..\..\dependencies\xcore\src\xcore_event.h">
      <Filter>Dependencies\xCore</Filter>
    </ClInclude>
    <ClInclude Include="..\..\dependencies\xcore\src\xcore_file.h">
      <Filter>Dependencies\xCore</Filter>
    </ClInclude>
    <ClInclude Include="..\..\dependencies\xcore\src\xcore_function.h">
      <Filter>Dependencies\xCore</Filter>
    </ClInclude>
    <ClInclude Include="..\..\dependencies\xcore\src\xcore_global.h">
      <Filter>Dependencies\xCore</Filter>
    </ClInclude>
    <ClInclude Include="..\..\dependencies\xcore\src\xcore_guid.h">
      <Filter>Dependencies\xCore</Filter>
    </ClInclude>
    <ClInclude Include="..\..\dependencies\xcore\src\xcore_lock.h">
      <Filter>Dependencies\xCore</Filter>
    </ClInclude>
    <ClInclude Include="..\..\dependencies\xcore\src\xcore_lockless_pool.h">
      <Filter>Dependencies\xCore</Filter>
    </ClInclude>
    <ClInclude Include="..\..\dependencies\xcore\src\xcore_lockless_queues.h">
      <Filter>Dependencies\xCore</Filter>
    </ClInclude>
    <ClInclude Include="..\..\dependencies\xcore\src\xcore_log.h">
      <Filter>Dependencies\xCore</Filter>
    </ClInclude>
    <ClInclude Include="..\..\dependencies\xcore\src\xcore_math.h">
      <Filter>Dependencies\xCore</Filter>
    </ClInclude>
    <ClInclude Include="..\..\dependencies\xcore\src\xcore_math_matrix4.h">
      <Filter>Dependencies\xCore</Filter>
    </ClInclude>
    <ClInclude Include="..\..\dependencies\xcore\src\xcore_math_quaternion.h">
      <Filter>Dependencies\xCore</Filter>
    </ClInclude>
    <ClInclude Include="..\..\dependencies\xcore\src\xcore_math_radian3.h">
      <Filter>Dependencies\xCore</Filter>
    </ClInclude>
    <ClInclude Include="..\..\dependencies\xcore\src\xcore_math_shapes.h">
      <Filter>Dependencies\xCore</Filter>
    </ClInclude>
    <ClInclude Include="..\..\dependencies\xcore\src\xcore_math_transform.h">
      <Filter>Dependencies\xCore</Filter>
    </ClInclude>
    <ClInclude Include="..\..\dependencies\xcore\src\xcore_math_vector2.h">
      <Filter>Dependencies\xCore</Filter>
    </ClInclude>
    <ClInclude Include="..\..\dependencies\xcore\src\xcore_math_vector3.h">
      <Filter>Dependencies\xCore</Filter>
    </ClInclude>
    <ClInclude Include="..\..\dependencies\xcore\src\xcore_math_vector4.h">
      <Filter>Dependencies\xCore</Filter>
    </ClInclude>
    <ClInclude Include="..\..\dependencies\xcore\src\xcore_memory.h">
      <Filter>Dependencies\xCore</Filter>
    </ClInclude>
    <ClInclude Include="..\..\dependencies\xcore\src\xcore_profiler.h">
      <Filter>Dependencies\xCore</Filter>
    </ClInclude>
    <ClInclude Include="..\..\dependencies\xcore\src\xcore_ptr.h">
      <Filter>Dependencies\xCore</Filter>
    </ClInclude>
    <ClInclude Include="..\..\dependencies\xcore\src\xcore_random.h">
      <Filter>Dependencies\xCore</Filter>
    </ClInclude>
    <ClInclude Include="..\..\dependencies\xcore\src\xcore_rtti.h">
      <Filter>Dependencies\xCore</Filter>
    </ClInclude>
    <ClInclude Include="..\..\dependencies\xcore\src\xcore_scheduler_channel.h">
      <Filter>Dependencies\xCore</Filter>
    </ClInclude>
    <ClInclude Include="..\..\dependencies\xcore\src\xcore_scheduler_job.h">
      <Filter>Dependencies\xCore</Filter>
    </ClInclude>
    <ClInclude Include="..\..\dependencies\xcore\src\xcore_scheduler_system.h">
      <Filter>Dependencies\xCore</Filter>
    </ClInclude>
    <ClInclude Include="..\..\dependencies\xcore\src\xcore_scheduler_trigger.h">
      <Filter>Dependencies\xCore</Filter>
    </ClInclude>
    <ClInclude Include="..\..\dependencies\xcore\src\xcore_serialicer.h">
      <Filter>Dependencies\xCore</Filter>
    </ClInclude>
    <ClInclude Include="..\..\dependencies\xcore\src\xcore_serializer.h">
      <Filter>Dependencies\xCore</Filter>
    </ClInclude>
    <ClInclude Include="..\..\dependencies\xcore\src\xcore_span.h">
      <Filter>Dependencies\xCore</Filter>
    </ClInclude>
    <ClInclude Include="..\..\dependencies\xcore\src\xcore_string.h">
      <Filter>Dependencies\xCore</Filter>
    </ClInclude>
    <ClInclude Include="..\..\dependencies\xcore\src\xcore_system_reg.h">
      <Filter>Dependencies\xCore</Filter>
    </ClInclude>
    <ClInclude Include="..\..\dependencies\xcore\src\xcore_target.h">
      <Filter>Dependencies\xCore</Filter>
    </ClInclude>
    <ClInclude Include="..\..\dependencies\xcore\src\xcore_textfile.h">
      <Filter>Dependencies\xCore</Filter>
    </ClInclude>
    <ClInclude Include="..\..\dependencies\xcore\src\xcore_textfile2.h">
      <Filter>Dependencies\xCore</Filter>
    </ClInclude>
    <ClInclude Include="..\..\dependencies\xcore\src\xcore_types.h">
      <Filter>Dependencies\xCore</Filter>
    </ClInclude>
    <ClInclude Include="..\..\dependencies\xcore\src\xcore_unique_span.h">
      <Filter>Dependencies\xCore</Filter>
    </ClInclude>
    <ClInclude Include="..\..\dependencies\xcore\src\xcore_units.h">
      <Filter>Dependencies\xCore</Filter>
    </ClInclude>
    <ClInclude Include="..\..\dependencies\xcore\src\xcore_vector.h">
      <Filter>Dependencies\xCore</Filter>
    </ClInclude>
    <ClInclude Include="..\..\src\mecs.h">
      <Filter>MECS</Filter>
    </ClInclude>
    <ClInclude Include="..\..\src\Examples\Settings\xcore_user_settings.h">
      <Filter>Settings</Filter>
    </ClInclude>
    <ClInclude Include="..\..\src\Examples\Settings\PropertyConfig.h">
      <Filter>Settings</Filter>
    </ClInclude>
    <ClInclude Include="..\..\src\mecs_archetype.h">
      <Filter>MECS</Filter>
    </ClInclude>
    <ClInclude Include="..\..\src\mecs_archetype_delegate.h">
      <Filter>MECS</Filter>
    </ClInclude>
    <ClInclude Include="..\..\src\mecs_archetype_event.h">
      <Filter>MECS</Filter>
    </ClInclude>
    <ClInclude Include="..\..\src\mecs_archetype_query.h">
      <Filter>MECS</Filter>
    </ClInclude>
    <ClInclude Include="..\..\src\mecs_component.h">
      <Filter>MECS</Filter>
    </ClInclude>
    <ClInclude Include="..\..\src\mecs_entity_mgr.h">
      <Filter>MECS</Filter>
    </ClInclude>
    <ClInclude Include="..\..\src\mecs_entity_pool.h">
      <Filter>MECS</Filter>
    </ClInclude>
    <ClInclude Include="..\..\src\mecs_examples.h">
      <Filter>MECS</Filter>
    </ClInclude>
    <ClInclude Include="..\..\src\mecs_graph.h">
      <Filter>MECS</Filter>
    </ClInclude>
    <ClInclude Include="..\..\src\mecs_settings.h">
      <Filter>MECS</Filter>
    </ClInclude>
    <ClInclude Include="..\..\src\mecs_sync_point.h">
      <Filter>MECS</Filter>
    </ClInclude>
    <ClInclude Include="..\..\src\mecs_system.h">
      <Filter>MECS</Filter>
    </ClInclude>
    <ClInclude Include="..\..\src\mecs_system_delegate.h">
      <Filter>MECS</Filter>
    </ClInclude>
    <ClInclude Include="..\..\src\mecs_system_events.h">
      <Filter>MECS</Filter>
    </ClInclude>
    <ClInclude Include="..\..\src\mecs_tools.h">
      <Filter>MECS</Filter>
    </ClInclude>
    <ClInclude Include="..\..\src\mecs_tools_bits.h">
      <Filter>MECS</Filter>
    </ClInclude>
    <ClInclude Include="..\..\src\mecs_tools_event.h">
      <Filter>MECS</Filter>
    </ClInclude>
    <ClInclude Include="..\..\src\mecs_tools_fixed_map.h">
      <Filter>MECS</Filter>
    </ClInclude>
    <ClInclude Include="..\..\src\mecs_tools_qvst_pool.h">
      <Filter>MECS</Filter>
    </ClInclude>
    <ClInclude Include="..\..\src\mecs_universe.h">
      <Filter>MECS</Filter>
    </ClInclude>
    <ClInclude Include="..\..\src\mecs_world.h">
      <Filter>MECS</Filter>
    </ClInclude>
    <ClInclude Include="..\..\src\Implementation\mecs_entity_pool_inline.h">
      <Filter>MECS\Implementation</Filter>
    </ClInclude>
    <ClInclude Include="..\..\src\Implementation\mecs_graph_inline.h">
      <Filter>MECS\Implementation</Filter>
    </ClInclude>
    <ClInclude Include="..\..\src\Implementation\mecs_archetype_inline.h">
      <Filter>MECS\Implementation</Filter>
    </ClInclude>
    <ClInclude Include="..\..\src\Examples\CommandLineExamples\E02_system_introduction.h" />
    <ClInclude Include="..\..\src\Examples\CommandLineExamples\E03_system_moving_entities.h" />
    <ClInclude Include="..\..\src\mecs_time.h">
      <Filter>MECS</Filter>
    </ClInclude>
    <ClInclude Include="..\..\src\Implementation\mecs_system_inline.h">
      <Filter>MECS\Implementation</Filter>
    </ClInclude>
    <ClInclude Include="..\..\src\Examples\CommandLineExamples\E04_delegate_move_inout.h" />
    <ClInclude Include="..\..\src\Implementation\mecs_archetype_delegate_inline.h">
      <Filter>MECS\Implementation</Filter>
    </ClInclude>
    <ClInclude Include="..\..\src\Implementation\mecs_system_delegate_inline.h">
      <Filter>MECS\Implementation</Filter>
    </ClInclude>
    <ClInclude Include="..\..\src\Examples\CommandLineExamples\E05_custom_delegate_update_entity.h" />
    <ClInclude Include="..\..\src\Examples\CommandLineExamples\E06_global_system_events.h" />
    <ClInclude Include="..\..\src\Examples\CommandLineExamples\E07_double_buffer_components.h" />
    <ClInclude Include="..\..\src\Examples\CommandLineExamples\E08_quantum_mutable_components.h" />
    <ClInclude Include="..\..\src\Examples\CommandLineExamples\E09_quantum_double_buffer_components.h" />
    <ClInclude Include="..\..\src\Examples\CommandLineExamples\E10_share_components.h" />
    <ClInclude Include="..\..\src\Examples\CommandLineExamples\E11_complex_system_queries.h" />
    <ClInclude Include="..\..\src\Examples\CommandLineExamples\E12_basic_hierarchical_components.h" />
    <ClInclude Include="..\..\src\Examples\CommandLineExamples\E14_2d_physics.h" />
    <ClInclude Include="..\..\src\Examples\CommandLineExamples\E10_share_components2_updating.h" />
  </ItemGroup>
  <ItemGroup>
    <None Include="..\..\README.md" />
  </ItemGroup>
</Project>